// !$*UTF8*$!
{
	archiveVersion = 1;
	classes = {
	};
	objectVersion = 55;
	objects = {

/* Begin PBXBuildFile section */
		522894B327EB88B600FB148D /* AppDelegate.swift in Sources */ = {isa = PBXBuildFile; fileRef = 522894B227EB88B600FB148D /* AppDelegate.swift */; };
		522894B727EB88B600FB148D /* DeveloperListViewController.swift in Sources */ = {isa = PBXBuildFile; fileRef = 522894B627EB88B600FB148D /* DeveloperListViewController.swift */; };
		522894BC27EB88B700FB148D /* Assets.xcassets in Resources */ = {isa = PBXBuildFile; fileRef = 522894BB27EB88B700FB148D /* Assets.xcassets */; };
		522894BF27EB88B700FB148D /* LaunchScreen.storyboard in Resources */ = {isa = PBXBuildFile; fileRef = 522894BD27EB88B700FB148D /* LaunchScreen.storyboard */; };
		522894C927EB8BEE00FB148D /* Repository.swift in Sources */ = {isa = PBXBuildFile; fileRef = 522894C827EB8BEE00FB148D /* Repository.swift */; };
		522894CC27EB8C9D00FB148D /* Developer.swift in Sources */ = {isa = PBXBuildFile; fileRef = 522894CB27EB8C9D00FB148D /* Developer.swift */; };
		522894CE27EB8E8100FB148D /* DevRepository.swift in Sources */ = {isa = PBXBuildFile; fileRef = 522894CD27EB8E8100FB148D /* DevRepository.swift */; };
		527C4E1C27EF9832002847CB /* URLParameterEncoder.swift in Sources */ = {isa = PBXBuildFile; fileRef = 527C4E1B27EF9832002847CB /* URLParameterEncoder.swift */; };
		527C4E1F27EF9861002847CB /* ParameterEncoder.swift in Sources */ = {isa = PBXBuildFile; fileRef = 527C4E1E27EF9861002847CB /* ParameterEncoder.swift */; };
		527C4E2127EF98B9002847CB /* JSONParameterEncoder.swift in Sources */ = {isa = PBXBuildFile; fileRef = 527C4E2027EF98B9002847CB /* JSONParameterEncoder.swift */; };
		527C4E2327EF9F29002847CB /* NetworkManager.swift in Sources */ = {isa = PBXBuildFile; fileRef = 527C4E2227EF9F29002847CB /* NetworkManager.swift */; };
		527C4E2527EFA7BC002847CB /* DeveloperPage.swift in Sources */ = {isa = PBXBuildFile; fileRef = 527C4E2427EFA7BC002847CB /* DeveloperPage.swift */; };
		527C4E2827EFA9D4002847CB /* DeveloperAPI.swift in Sources */ = {isa = PBXBuildFile; fileRef = 527C4E2727EFA9D4002847CB /* DeveloperAPI.swift */; };
		527C4E2B27F04FF3002847CB /* UIView+Utils.swift in Sources */ = {isa = PBXBuildFile; fileRef = 527C4E2A27F04FF3002847CB /* UIView+Utils.swift */; };
		527C4E2E27F051AB002847CB /* DeveloperListCell.swift in Sources */ = {isa = PBXBuildFile; fileRef = 527C4E2D27F051AB002847CB /* DeveloperListCell.swift */; };
		527C4E3027F077B0002847CB /* ImageAPI.swift in Sources */ = {isa = PBXBuildFile; fileRef = 527C4E2F27F077B0002847CB /* ImageAPI.swift */; };
		527C4E3227F07887002847CB /* ImageRepository.swift in Sources */ = {isa = PBXBuildFile; fileRef = 527C4E3127F07887002847CB /* ImageRepository.swift */; };
		527C4E3827F0C499002847CB /* DeveloperViewController.swift in Sources */ = {isa = PBXBuildFile; fileRef = 527C4E3727F0C499002847CB /* DeveloperViewController.swift */; };
		527C4E3B27F0CC6A002847CB /* Realm in Frameworks */ = {isa = PBXBuildFile; productRef = 527C4E3A27F0CC6A002847CB /* Realm */; };
		527C4E3D27F0CC6A002847CB /* RealmSwift in Frameworks */ = {isa = PBXBuildFile; productRef = 527C4E3C27F0CC6A002847CB /* RealmSwift */; };
		527C4E4027F1E78F002847CB /* FavoritesViewController.swift in Sources */ = {isa = PBXBuildFile; fileRef = 527C4E3F27F1E78E002847CB /* FavoritesViewController.swift */; };
		527C4E4327F326BC002847CB /* BaseViewController.swift in Sources */ = {isa = PBXBuildFile; fileRef = 527C4E4227F326BC002847CB /* BaseViewController.swift */; };
		527C4E4527F381B7002847CB /* ImageData.swift in Sources */ = {isa = PBXBuildFile; fileRef = 527C4E4427F381B7002847CB /* ImageData.swift */; };
		52BF590F27EDAED700972B96 /* SceneDelegate.swift in Sources */ = {isa = PBXBuildFile; fileRef = 52BF590E27EDAED700972B96 /* SceneDelegate.swift */; };
		52BF591127EDBF2100972B96 /* EndPoint.swift in Sources */ = {isa = PBXBuildFile; fileRef = 52BF591027EDBF2100972B96 /* EndPoint.swift */; };
		52BF591327EDC2A900972B96 /* NetworkRouter.swift in Sources */ = {isa = PBXBuildFile; fileRef = 52BF591227EDC2A900972B96 /* NetworkRouter.swift */; };
/* End PBXBuildFile section */

/* Begin PBXFileReference section */
		522894AF27EB88B600FB148D /* UpperOze.app */ = {isa = PBXFileReference; explicitFileType = wrapper.application; includeInIndex = 0; path = UpperOze.app; sourceTree = BUILT_PRODUCTS_DIR; };
		522894B227EB88B600FB148D /* AppDelegate.swift */ = {isa = PBXFileReference; lastKnownFileType = sourcecode.swift; path = AppDelegate.swift; sourceTree = "<group>"; };
		522894B627EB88B600FB148D /* DeveloperListViewController.swift */ = {isa = PBXFileReference; lastKnownFileType = sourcecode.swift; path = DeveloperListViewController.swift; sourceTree = "<group>"; };
		522894BB27EB88B700FB148D /* Assets.xcassets */ = {isa = PBXFileReference; lastKnownFileType = folder.assetcatalog; path = Assets.xcassets; sourceTree = "<group>"; };
		522894BE27EB88B700FB148D /* Base */ = {isa = PBXFileReference; lastKnownFileType = file.storyboard; name = Base; path = Base.lproj/LaunchScreen.storyboard; sourceTree = "<group>"; };
		522894C027EB88B700FB148D /* Info.plist */ = {isa = PBXFileReference; lastKnownFileType = text.plist.xml; path = Info.plist; sourceTree = "<group>"; };
		522894C827EB8BEE00FB148D /* Repository.swift */ = {isa = PBXFileReference; lastKnownFileType = sourcecode.swift; path = Repository.swift; sourceTree = "<group>"; };
		522894CB27EB8C9D00FB148D /* Developer.swift */ = {isa = PBXFileReference; lastKnownFileType = sourcecode.swift; path = Developer.swift; sourceTree = "<group>"; };
		522894CD27EB8E8100FB148D /* DevRepository.swift */ = {isa = PBXFileReference; lastKnownFileType = sourcecode.swift; path = DevRepository.swift; sourceTree = "<group>"; };
		527C4E1B27EF9832002847CB /* URLParameterEncoder.swift */ = {isa = PBXFileReference; lastKnownFileType = sourcecode.swift; path = URLParameterEncoder.swift; sourceTree = "<group>"; };
		527C4E1E27EF9861002847CB /* ParameterEncoder.swift */ = {isa = PBXFileReference; lastKnownFileType = sourcecode.swift; path = ParameterEncoder.swift; sourceTree = "<group>"; };
		527C4E2027EF98B9002847CB /* JSONParameterEncoder.swift */ = {isa = PBXFileReference; lastKnownFileType = sourcecode.swift; path = JSONParameterEncoder.swift; sourceTree = "<group>"; };
		527C4E2227EF9F29002847CB /* NetworkManager.swift */ = {isa = PBXFileReference; lastKnownFileType = sourcecode.swift; path = NetworkManager.swift; sourceTree = "<group>"; };
		527C4E2427EFA7BC002847CB /* DeveloperPage.swift */ = {isa = PBXFileReference; lastKnownFileType = sourcecode.swift; path = DeveloperPage.swift; sourceTree = "<group>"; };
		527C4E2727EFA9D4002847CB /* DeveloperAPI.swift */ = {isa = PBXFileReference; lastKnownFileType = sourcecode.swift; path = DeveloperAPI.swift; sourceTree = "<group>"; };
		527C4E2A27F04FF3002847CB /* UIView+Utils.swift */ = {isa = PBXFileReference; lastKnownFileType = sourcecode.swift; path = "UIView+Utils.swift"; sourceTree = "<group>"; };
		527C4E2D27F051AB002847CB /* DeveloperListCell.swift */ = {isa = PBXFileReference; lastKnownFileType = sourcecode.swift; path = DeveloperListCell.swift; sourceTree = "<group>"; };
		527C4E2F27F077B0002847CB /* ImageAPI.swift */ = {isa = PBXFileReference; lastKnownFileType = sourcecode.swift; path = ImageAPI.swift; sourceTree = "<group>"; };
		527C4E3127F07887002847CB /* ImageRepository.swift */ = {isa = PBXFileReference; lastKnownFileType = sourcecode.swift; path = ImageRepository.swift; sourceTree = "<group>"; };
		527C4E3727F0C499002847CB /* DeveloperViewController.swift */ = {isa = PBXFileReference; lastKnownFileType = sourcecode.swift; path = DeveloperViewController.swift; sourceTree = "<group>"; };
		527C4E3F27F1E78E002847CB /* FavoritesViewController.swift */ = {isa = PBXFileReference; lastKnownFileType = sourcecode.swift; path = FavoritesViewController.swift; sourceTree = "<group>"; };
		527C4E4227F326BC002847CB /* BaseViewController.swift */ = {isa = PBXFileReference; lastKnownFileType = sourcecode.swift; path = BaseViewController.swift; sourceTree = "<group>"; };
		527C4E4427F381B7002847CB /* ImageData.swift */ = {isa = PBXFileReference; lastKnownFileType = sourcecode.swift; path = ImageData.swift; sourceTree = "<group>"; };
		52BF590E27EDAED700972B96 /* SceneDelegate.swift */ = {isa = PBXFileReference; lastKnownFileType = sourcecode.swift; path = SceneDelegate.swift; sourceTree = "<group>"; };
		52BF591027EDBF2100972B96 /* EndPoint.swift */ = {isa = PBXFileReference; lastKnownFileType = sourcecode.swift; path = EndPoint.swift; sourceTree = "<group>"; };
		52BF591227EDC2A900972B96 /* NetworkRouter.swift */ = {isa = PBXFileReference; lastKnownFileType = sourcecode.swift; path = NetworkRouter.swift; sourceTree = "<group>"; };
/* End PBXFileReference section */

/* Begin PBXFrameworksBuildPhase section */
		522894AC27EB88B600FB148D /* Frameworks */ = {
			isa = PBXFrameworksBuildPhase;
			buildActionMask = 2147483647;
			files = (
				527C4E3D27F0CC6A002847CB /* RealmSwift in Frameworks */,
				527C4E3B27F0CC6A002847CB /* Realm in Frameworks */,
			);
			runOnlyForDeploymentPostprocessing = 0;
		};
/* End PBXFrameworksBuildPhase section */

/* Begin PBXGroup section */
		522894A627EB88B600FB148D = {
			isa = PBXGroup;
			children = (
				522894B127EB88B600FB148D /* UpperOze */,
				522894B027EB88B600FB148D /* Products */,
			);
			sourceTree = "<group>";
		};
		522894B027EB88B600FB148D /* Products */ = {
			isa = PBXGroup;
			children = (
				522894AF27EB88B600FB148D /* UpperOze.app */,
			);
			name = Products;
			sourceTree = "<group>";
		};
		522894B127EB88B600FB148D /* UpperOze */ = {
			isa = PBXGroup;
			children = (
				527C4E2C27F0519C002847CB /* View */,
				527C4E2927F04FE0002847CB /* Extension */,
				5261C25B27ECC1CB0079DA60 /* ViewController */,
				522894CA27EB8C8B00FB148D /* Model */,
				522894C727EB8A4A00FB148D /* Networking */,
				522894C627EB892900FB148D /* Repo */,
				522894B227EB88B600FB148D /* AppDelegate.swift */,
				522894BB27EB88B700FB148D /* Assets.xcassets */,
				522894BD27EB88B700FB148D /* LaunchScreen.storyboard */,
				522894C027EB88B700FB148D /* Info.plist */,
				52BF590E27EDAED700972B96 /* SceneDelegate.swift */,
			);
			path = UpperOze;
			sourceTree = "<group>";
		};
		522894C627EB892900FB148D /* Repo */ = {
			isa = PBXGroup;
			children = (
				522894C827EB8BEE00FB148D /* Repository.swift */,
				522894CD27EB8E8100FB148D /* DevRepository.swift */,
				527C4E3127F07887002847CB /* ImageRepository.swift */,
			);
			path = Repo;
			sourceTree = "<group>";
		};
		522894C727EB8A4A00FB148D /* Networking */ = {
			isa = PBXGroup;
			children = (
				527C4E2627EFA9BB002847CB /* API */,
				527C4E1D27EF9851002847CB /* Encoding */,
				52BF591027EDBF2100972B96 /* EndPoint.swift */,
				52BF591227EDC2A900972B96 /* NetworkRouter.swift */,
				527C4E2227EF9F29002847CB /* NetworkManager.swift */,
			);
			path = Networking;
			sourceTree = "<group>";
		};
		522894CA27EB8C8B00FB148D /* Model */ = {
			isa = PBXGroup;
			children = (
				522894CB27EB8C9D00FB148D /* Developer.swift */,
				527C4E2427EFA7BC002847CB /* DeveloperPage.swift */,
				527C4E4427F381B7002847CB /* ImageData.swift */,
			);
			path = Model;
			sourceTree = "<group>";
		};
		5261C25B27ECC1CB0079DA60 /* ViewController */ = {
			isa = PBXGroup;
			children = (
				522894B627EB88B600FB148D /* DeveloperListViewController.swift */,
				527C4E3727F0C499002847CB /* DeveloperViewController.swift */,
				527C4E3F27F1E78E002847CB /* FavoritesViewController.swift */,
				527C4E4227F326BC002847CB /* BaseViewController.swift */,
			);
			path = ViewController;
			sourceTree = "<group>";
		};
		527C4E1D27EF9851002847CB /* Encoding */ = {
			isa = PBXGroup;
			children = (
				527C4E1E27EF9861002847CB /* ParameterEncoder.swift */,
				527C4E1B27EF9832002847CB /* URLParameterEncoder.swift */,
				527C4E2027EF98B9002847CB /* JSONParameterEncoder.swift */,
			);
			path = Encoding;
			sourceTree = "<group>";
		};
		527C4E2627EFA9BB002847CB /* API */ = {
			isa = PBXGroup;
			children = (
				527C4E2727EFA9D4002847CB /* DeveloperAPI.swift */,
				527C4E2F27F077B0002847CB /* ImageAPI.swift */,
			);
			path = API;
			sourceTree = "<group>";
		};
		527C4E2927F04FE0002847CB /* Extension */ = {
			isa = PBXGroup;
			children = (
				527C4E2A27F04FF3002847CB /* UIView+Utils.swift */,
			);
			path = Extension;
			sourceTree = "<group>";
		};
		527C4E2C27F0519C002847CB /* View */ = {
			isa = PBXGroup;
			children = (
				527C4E2D27F051AB002847CB /* DeveloperListCell.swift */,
			);
			path = View;
			sourceTree = "<group>";
		};
/* End PBXGroup section */

/* Begin PBXNativeTarget section */
		522894AE27EB88B600FB148D /* UpperOze */ = {
			isa = PBXNativeTarget;
			buildConfigurationList = 522894C327EB88B700FB148D /* Build configuration list for PBXNativeTarget "UpperOze" */;
			buildPhases = (
				522894AB27EB88B600FB148D /* Sources */,
				522894AC27EB88B600FB148D /* Frameworks */,
				522894AD27EB88B600FB148D /* Resources */,
			);
			buildRules = (
			);
			dependencies = (
			);
			name = UpperOze;
			packageProductDependencies = (
				527C4E3A27F0CC6A002847CB /* Realm */,
				527C4E3C27F0CC6A002847CB /* RealmSwift */,
			);
			productName = UpperOze;
			productReference = 522894AF27EB88B600FB148D /* UpperOze.app */;
			productType = "com.apple.product-type.application";
		};
/* End PBXNativeTarget section */

/* Begin PBXProject section */
		522894A727EB88B600FB148D /* Project object */ = {
			isa = PBXProject;
			attributes = {
				BuildIndependentTargetsInParallel = 1;
				LastSwiftUpdateCheck = 1320;
				LastUpgradeCheck = 1320;
				TargetAttributes = {
					522894AE27EB88B600FB148D = {
						CreatedOnToolsVersion = 13.2.1;
					};
				};
			};
			buildConfigurationList = 522894AA27EB88B600FB148D /* Build configuration list for PBXProject "UpperOze" */;
			compatibilityVersion = "Xcode 13.0";
			developmentRegion = en;
			hasScannedForEncodings = 0;
			knownRegions = (
				en,
				Base,
			);
			mainGroup = 522894A627EB88B600FB148D;
			packageReferences = (
				527C4E3927F0CC6A002847CB /* XCRemoteSwiftPackageReference "realm-swift" */,
			);
			productRefGroup = 522894B027EB88B600FB148D /* Products */;
			projectDirPath = "";
			projectRoot = "";
			targets = (
				522894AE27EB88B600FB148D /* UpperOze */,
			);
		};
/* End PBXProject section */

/* Begin PBXResourcesBuildPhase section */
		522894AD27EB88B600FB148D /* Resources */ = {
			isa = PBXResourcesBuildPhase;
			buildActionMask = 2147483647;
			files = (
				522894BF27EB88B700FB148D /* LaunchScreen.storyboard in Resources */,
				522894BC27EB88B700FB148D /* Assets.xcassets in Resources */,
			);
			runOnlyForDeploymentPostprocessing = 0;
		};
/* End PBXResourcesBuildPhase section */

/* Begin PBXSourcesBuildPhase section */
		522894AB27EB88B600FB148D /* Sources */ = {
			isa = PBXSourcesBuildPhase;
			buildActionMask = 2147483647;
			files = (
				527C4E2527EFA7BC002847CB /* DeveloperPage.swift in Sources */,
				52BF591327EDC2A900972B96 /* NetworkRouter.swift in Sources */,
				527C4E2B27F04FF3002847CB /* UIView+Utils.swift in Sources */,
				527C4E4327F326BC002847CB /* BaseViewController.swift in Sources */,
				522894B727EB88B600FB148D /* DeveloperListViewController.swift in Sources */,
				527C4E3027F077B0002847CB /* ImageAPI.swift in Sources */,
				527C4E2827EFA9D4002847CB /* DeveloperAPI.swift in Sources */,
				527C4E4027F1E78F002847CB /* FavoritesViewController.swift in Sources */,
				52BF590F27EDAED700972B96 /* SceneDelegate.swift in Sources */,
				527C4E2327EF9F29002847CB /* NetworkManager.swift in Sources */,
				52BF591127EDBF2100972B96 /* EndPoint.swift in Sources */,
				522894CE27EB8E8100FB148D /* DevRepository.swift in Sources */,
				527C4E2E27F051AB002847CB /* DeveloperListCell.swift in Sources */,
				522894CC27EB8C9D00FB148D /* Developer.swift in Sources */,
				527C4E1F27EF9861002847CB /* ParameterEncoder.swift in Sources */,
				522894B327EB88B600FB148D /* AppDelegate.swift in Sources */,
				527C4E2127EF98B9002847CB /* JSONParameterEncoder.swift in Sources */,
				522894C927EB8BEE00FB148D /* Repository.swift in Sources */,
				527C4E1C27EF9832002847CB /* URLParameterEncoder.swift in Sources */,
				527C4E3227F07887002847CB /* ImageRepository.swift in Sources */,
				527C4E3827F0C499002847CB /* DeveloperViewController.swift in Sources */,
				527C4E4527F381B7002847CB /* ImageData.swift in Sources */,
			);
			runOnlyForDeploymentPostprocessing = 0;
		};
/* End PBXSourcesBuildPhase section */

/* Begin PBXVariantGroup section */
		522894BD27EB88B700FB148D /* LaunchScreen.storyboard */ = {
			isa = PBXVariantGroup;
			children = (
				522894BE27EB88B700FB148D /* Base */,
			);
			name = LaunchScreen.storyboard;
			sourceTree = "<group>";
		};
/* End PBXVariantGroup section */

/* Begin XCBuildConfiguration section */
		522894C127EB88B700FB148D /* Debug */ = {
			isa = XCBuildConfiguration;
			buildSettings = {
				ALWAYS_SEARCH_USER_PATHS = NO;
				CLANG_ANALYZER_NONNULL = YES;
				CLANG_ANALYZER_NUMBER_OBJECT_CONVERSION = YES_AGGRESSIVE;
				CLANG_CXX_LANGUAGE_STANDARD = "gnu++17";
				CLANG_CXX_LIBRARY = "libc++";
				CLANG_ENABLE_MODULES = YES;
				CLANG_ENABLE_OBJC_ARC = YES;
				CLANG_ENABLE_OBJC_WEAK = YES;
				CLANG_WARN_BLOCK_CAPTURE_AUTORELEASING = YES;
				CLANG_WARN_BOOL_CONVERSION = YES;
				CLANG_WARN_COMMA = YES;
				CLANG_WARN_CONSTANT_CONVERSION = YES;
				CLANG_WARN_DEPRECATED_OBJC_IMPLEMENTATIONS = YES;
				CLANG_WARN_DIRECT_OBJC_ISA_USAGE = YES_ERROR;
				CLANG_WARN_DOCUMENTATION_COMMENTS = YES;
				CLANG_WARN_EMPTY_BODY = YES;
				CLANG_WARN_ENUM_CONVERSION = YES;
				CLANG_WARN_INFINITE_RECURSION = YES;
				CLANG_WARN_INT_CONVERSION = YES;
				CLANG_WARN_NON_LITERAL_NULL_CONVERSION = YES;
				CLANG_WARN_OBJC_IMPLICIT_RETAIN_SELF = YES;
				CLANG_WARN_OBJC_LITERAL_CONVERSION = YES;
				CLANG_WARN_OBJC_ROOT_CLASS = YES_ERROR;
				CLANG_WARN_QUOTED_INCLUDE_IN_FRAMEWORK_HEADER = YES;
				CLANG_WARN_RANGE_LOOP_ANALYSIS = YES;
				CLANG_WARN_STRICT_PROTOTYPES = YES;
				CLANG_WARN_SUSPICIOUS_MOVE = YES;
				CLANG_WARN_UNGUARDED_AVAILABILITY = YES_AGGRESSIVE;
				CLANG_WARN_UNREACHABLE_CODE = YES;
				CLANG_WARN__DUPLICATE_METHOD_MATCH = YES;
				COPY_PHASE_STRIP = NO;
				DEBUG_INFORMATION_FORMAT = dwarf;
				ENABLE_STRICT_OBJC_MSGSEND = YES;
				ENABLE_TESTABILITY = YES;
				GCC_C_LANGUAGE_STANDARD = gnu11;
				GCC_DYNAMIC_NO_PIC = NO;
				GCC_NO_COMMON_BLOCKS = YES;
				GCC_OPTIMIZATION_LEVEL = 0;
				GCC_PREPROCESSOR_DEFINITIONS = (
					"DEBUG=1",
					"$(inherited)",
				);
				GCC_WARN_64_TO_32_BIT_CONVERSION = YES;
				GCC_WARN_ABOUT_RETURN_TYPE = YES_ERROR;
				GCC_WARN_UNDECLARED_SELECTOR = YES;
				GCC_WARN_UNINITIALIZED_AUTOS = YES_AGGRESSIVE;
				GCC_WARN_UNUSED_FUNCTION = YES;
				GCC_WARN_UNUSED_VARIABLE = YES;
				IPHONEOS_DEPLOYMENT_TARGET = 15.2;
				MTL_ENABLE_DEBUG_INFO = INCLUDE_SOURCE;
				MTL_FAST_MATH = YES;
				ONLY_ACTIVE_ARCH = YES;
				SDKROOT = iphoneos;
				SWIFT_ACTIVE_COMPILATION_CONDITIONS = DEBUG;
				SWIFT_OPTIMIZATION_LEVEL = "-Onone";
			};
			name = Debug;
		};
		522894C227EB88B700FB148D /* Release */ = {
			isa = XCBuildConfiguration;
			buildSettings = {
				ALWAYS_SEARCH_USER_PATHS = NO;
				CLANG_ANALYZER_NONNULL = YES;
				CLANG_ANALYZER_NUMBER_OBJECT_CONVERSION = YES_AGGRESSIVE;
				CLANG_CXX_LANGUAGE_STANDARD = "gnu++17";
				CLANG_CXX_LIBRARY = "libc++";
				CLANG_ENABLE_MODULES = YES;
				CLANG_ENABLE_OBJC_ARC = YES;
				CLANG_ENABLE_OBJC_WEAK = YES;
				CLANG_WARN_BLOCK_CAPTURE_AUTORELEASING = YES;
				CLANG_WARN_BOOL_CONVERSION = YES;
				CLANG_WARN_COMMA = YES;
				CLANG_WARN_CONSTANT_CONVERSION = YES;
				CLANG_WARN_DEPRECATED_OBJC_IMPLEMENTATIONS = YES;
				CLANG_WARN_DIRECT_OBJC_ISA_USAGE = YES_ERROR;
				CLANG_WARN_DOCUMENTATION_COMMENTS = YES;
				CLANG_WARN_EMPTY_BODY = YES;
				CLANG_WARN_ENUM_CONVERSION = YES;
				CLANG_WARN_INFINITE_RECURSION = YES;
				CLANG_WARN_INT_CONVERSION = YES;
				CLANG_WARN_NON_LITERAL_NULL_CONVERSION = YES;
				CLANG_WARN_OBJC_IMPLICIT_RETAIN_SELF = YES;
				CLANG_WARN_OBJC_LITERAL_CONVERSION = YES;
				CLANG_WARN_OBJC_ROOT_CLASS = YES_ERROR;
				CLANG_WARN_QUOTED_INCLUDE_IN_FRAMEWORK_HEADER = YES;
				CLANG_WARN_RANGE_LOOP_ANALYSIS = YES;
				CLANG_WARN_STRICT_PROTOTYPES = YES;
				CLANG_WARN_SUSPICIOUS_MOVE = YES;
				CLANG_WARN_UNGUARDED_AVAILABILITY = YES_AGGRESSIVE;
				CLANG_WARN_UNREACHABLE_CODE = YES;
				CLANG_WARN__DUPLICATE_METHOD_MATCH = YES;
				COPY_PHASE_STRIP = NO;
				DEBUG_INFORMATION_FORMAT = "dwarf-with-dsym";
				ENABLE_NS_ASSERTIONS = NO;
				ENABLE_STRICT_OBJC_MSGSEND = YES;
				GCC_C_LANGUAGE_STANDARD = gnu11;
				GCC_NO_COMMON_BLOCKS = YES;
				GCC_WARN_64_TO_32_BIT_CONVERSION = YES;
				GCC_WARN_ABOUT_RETURN_TYPE = YES_ERROR;
				GCC_WARN_UNDECLARED_SELECTOR = YES;
				GCC_WARN_UNINITIALIZED_AUTOS = YES_AGGRESSIVE;
				GCC_WARN_UNUSED_FUNCTION = YES;
				GCC_WARN_UNUSED_VARIABLE = YES;
				IPHONEOS_DEPLOYMENT_TARGET = 15.2;
				MTL_ENABLE_DEBUG_INFO = NO;
				MTL_FAST_MATH = YES;
				SDKROOT = iphoneos;
				SWIFT_COMPILATION_MODE = wholemodule;
				SWIFT_OPTIMIZATION_LEVEL = "-O";
				VALIDATE_PRODUCT = YES;
			};
			name = Release;
		};
		522894C427EB88B700FB148D /* Debug */ = {
			isa = XCBuildConfiguration;
			buildSettings = {
				ASSETCATALOG_COMPILER_APPICON_NAME = AppIcon;
				ASSETCATALOG_COMPILER_GLOBAL_ACCENT_COLOR_NAME = AccentColor;
				CODE_SIGN_STYLE = Automatic;
				CURRENT_PROJECT_VERSION = 1;
				DEVELOPMENT_TEAM = XQ573T543U;
				GENERATE_INFOPLIST_FILE = YES;
				INFOPLIST_FILE = UpperOze/Info.plist;
				INFOPLIST_KEY_UIApplicationSupportsIndirectInputEvents = YES;
				INFOPLIST_KEY_UILaunchStoryboardName = LaunchScreen;
				INFOPLIST_KEY_UISupportedInterfaceOrientations = UIInterfaceOrientationPortrait;
				INFOPLIST_KEY_UISupportedInterfaceOrientations_iPad = "UIInterfaceOrientationPortrait UIInterfaceOrientationPortraitUpsideDown UIInterfaceOrientationLandscapeLeft UIInterfaceOrientationLandscapeRight";
				INFOPLIST_KEY_UISupportedInterfaceOrientations_iPhone = UIInterfaceOrientationPortrait;
				IPHONEOS_DEPLOYMENT_TARGET = 15.0;
				LD_RUNPATH_SEARCH_PATHS = (
					"$(inherited)",
					"@executable_path/Frameworks",
				);
				MARKETING_VERSION = 1.0;
				PRODUCT_BUNDLE_IDENTIFIER = com.upperoze.gabi.UpperOze;
				PRODUCT_NAME = "$(TARGET_NAME)";
				SWIFT_EMIT_LOC_STRINGS = YES;
				SWIFT_VERSION = 5.0;
				TARGETED_DEVICE_FAMILY = 1;
			};
			name = Debug;
		};
		522894C527EB88B700FB148D /* Release */ = {
			isa = XCBuildConfiguration;
			buildSettings = {
				ASSETCATALOG_COMPILER_APPICON_NAME = AppIcon;
				ASSETCATALOG_COMPILER_GLOBAL_ACCENT_COLOR_NAME = AccentColor;
				CODE_SIGN_STYLE = Automatic;
				CURRENT_PROJECT_VERSION = 1;
				DEVELOPMENT_TEAM = XQ573T543U;
				GENERATE_INFOPLIST_FILE = YES;
				INFOPLIST_FILE = UpperOze/Info.plist;
				INFOPLIST_KEY_UIApplicationSupportsIndirectInputEvents = YES;
				INFOPLIST_KEY_UILaunchStoryboardName = LaunchScreen;
				INFOPLIST_KEY_UISupportedInterfaceOrientations = UIInterfaceOrientationPortrait;
				INFOPLIST_KEY_UISupportedInterfaceOrientations_iPad = "UIInterfaceOrientationPortrait UIInterfaceOrientationPortraitUpsideDown UIInterfaceOrientationLandscapeLeft UIInterfaceOrientationLandscapeRight";
				INFOPLIST_KEY_UISupportedInterfaceOrientations_iPhone = UIInterfaceOrientationPortrait;
				IPHONEOS_DEPLOYMENT_TARGET = 15.0;
				LD_RUNPATH_SEARCH_PATHS = (
					"$(inherited)",
					"@executable_path/Frameworks",
				);
				MARKETING_VERSION = 1.0;
				PRODUCT_BUNDLE_IDENTIFIER = com.upperoze.gabi.UpperOze;
				PRODUCT_NAME = "$(TARGET_NAME)";
				SWIFT_EMIT_LOC_STRINGS = YES;
				SWIFT_VERSION = 5.0;
				TARGETED_DEVICE_FAMILY = 1;
			};
			name = Release;
		};
/* End XCBuildConfiguration section */

/* Begin XCConfigurationList section */
		522894AA27EB88B600FB148D /* Build configuration list for PBXProject "UpperOze" */ = {
			isa = XCConfigurationList;
			buildConfigurations = (
				522894C127EB88B700FB148D /* Debug */,
				522894C227EB88B700FB148D /* Release */,
			);
			defaultConfigurationIsVisible = 0;
			defaultConfigurationName = Release;
		};
		522894C327EB88B700FB148D /* Build configuration list for PBXNativeTarget "UpperOze" */ = {
			isa = XCConfigurationList;
			buildConfigurations = (
				522894C427EB88B700FB148D /* Debug */,
				522894C527EB88B700FB148D /* Release */,
			);
			defaultConfigurationIsVisible = 0;
			defaultConfigurationName = Release;
		};
/* End XCConfigurationList section */

/* Begin XCRemoteSwiftPackageReference section */
		527C4E3927F0CC6A002847CB /* XCRemoteSwiftPackageReference "realm-swift" */ = {
			isa = XCRemoteSwiftPackageReference;
			repositoryURL = "https://github.com/realm/realm-swift.git";
			requirement = {
				branch = master;
				kind = branch;
			};
		};
/* End XCRemoteSwiftPackageReference section */

/* Begin XCSwiftPackageProductDependency section */
		527C4E3A27F0CC6A002847CB /* Realm */ = {
			isa = XCSwiftPackageProductDependency;
			package = 527C4E3927F0CC6A002847CB /* XCRemoteSwiftPackageReference "realm-swift" */;
			productName = Realm;
		};
		527C4E3C27F0CC6A002847CB /* RealmSwift */ = {
			isa = XCSwiftPackageProductDependency;
			package = 527C4E3927F0CC6A002847CB /* XCRemoteSwiftPackageReference "realm-swift" */;
			productName = RealmSwift;
		};
/* End XCSwiftPackageProductDependency section */
	};
	rootObject = 522894A727EB88B600FB148D /* Project object */;
}
